// !$*UTF8*$!
{
	archiveVersion = 1;
	classes = {
	};
	objectVersion = 50;
	objects = {

/* Begin PBXBuildFile section */
		36DFF8A3A61B026C02A41287 /* Pods_StudentCoockingUITests.framework in Frameworks */ = {isa = PBXBuildFile; fileRef = E14CB1EB2899FB56E70BD718 /* Pods_StudentCoockingUITests.framework */; };
		6514F8E9225CA251002213A8 /* ImageHelper.swift in Sources */ = {isa = PBXBuildFile; fileRef = 6514F8E8225CA251002213A8 /* ImageHelper.swift */; };
		6575FB602253716900A0E44A /* RecipesTableViewController.swift in Sources */ = {isa = PBXBuildFile; fileRef = 6575FB5F2253716900A0E44A /* RecipesTableViewController.swift */; };
		65A54E94225B93500063DB88 /* RecipeFilterTableViewController.swift in Sources */ = {isa = PBXBuildFile; fileRef = 65A54E93225B93500063DB88 /* RecipeFilterTableViewController.swift */; };
		96731059105A32A358416BB9 /* Pods_StudentCoocking.framework in Frameworks */ = {isa = PBXBuildFile; fileRef = A628B350A9990447C3B00057 /* Pods_StudentCoocking.framework */; };
		B5A88F5BDED43F8F5613CE94 /* Pods_StudentCoockingTests.framework in Frameworks */ = {isa = PBXBuildFile; fileRef = 513AF1AA507C1F1A5AEFF8CF /* Pods_StudentCoockingTests.framework */; };
		C6273B3222548C5B0029F300 /* IngredientsDetailViewController.swift in Sources */ = {isa = PBXBuildFile; fileRef = C6273B3122548C5B0029F300 /* IngredientsDetailViewController.swift */; };
		C6728FE72248E42100260B90 /* Array+Extensions.swift in Sources */ = {isa = PBXBuildFile; fileRef = C6728FE62248E42100260B90 /* Array+Extensions.swift */; };
		C673491D2256426F00C29FF9 /* SearchTableViewController.swift in Sources */ = {isa = PBXBuildFile; fileRef = C673491C2256426F00C29FF9 /* SearchTableViewController.swift */; };
		C673491F2256477500C29FF9 /* FavouriteRecipesViewController.swift in Sources */ = {isa = PBXBuildFile; fileRef = C673491E2256477500C29FF9 /* FavouriteRecipesViewController.swift */; };
		C68578E3224508FC004217D5 /* AppDelegate.swift in Sources */ = {isa = PBXBuildFile; fileRef = C68578E2224508FC004217D5 /* AppDelegate.swift */; };
		C68578E5224508FC004217D5 /* HomeViewController.swift in Sources */ = {isa = PBXBuildFile; fileRef = C68578E4224508FC004217D5 /* HomeViewController.swift */; };
		C68578E7224508FC004217D5 /* SettingsViewController.swift in Sources */ = {isa = PBXBuildFile; fileRef = C68578E6224508FC004217D5 /* SettingsViewController.swift */; };
		C68578EA224508FC004217D5 /* Main.storyboard in Resources */ = {isa = PBXBuildFile; fileRef = C68578E8224508FC004217D5 /* Main.storyboard */; };
		C68578EC224508FD004217D5 /* Assets.xcassets in Resources */ = {isa = PBXBuildFile; fileRef = C68578EB224508FD004217D5 /* Assets.xcassets */; };
		C68578EF224508FD004217D5 /* LaunchScreen.storyboard in Resources */ = {isa = PBXBuildFile; fileRef = C68578ED224508FD004217D5 /* LaunchScreen.storyboard */; };
		C68578FA224508FD004217D5 /* StudentCoockingTests.swift in Sources */ = {isa = PBXBuildFile; fileRef = C68578F9224508FD004217D5 /* StudentCoockingTests.swift */; };
		C6857905224508FD004217D5 /* StudentCoockingUITests.swift in Sources */ = {isa = PBXBuildFile; fileRef = C6857904224508FD004217D5 /* StudentCoockingUITests.swift */; };
		C6BFB9E4225779D9006EBE36 /* Helper.swift in Sources */ = {isa = PBXBuildFile; fileRef = C6BFB9E3225779D9006EBE36 /* Helper.swift */; };
		C6BFB9E622577BFB006EBE36 /* UIViewController.swift in Sources */ = {isa = PBXBuildFile; fileRef = C6BFB9E522577BFB006EBE36 /* UIViewController.swift */; };
		C6BFB9E82257867C006EBE36 /* Category.swift in Sources */ = {isa = PBXBuildFile; fileRef = C6BFB9E72257867C006EBE36 /* Category.swift */; };
		C6BFB9EA22578938006EBE36 /* CategoriesTableViewController.swift in Sources */ = {isa = PBXBuildFile; fileRef = C6BFB9E922578938006EBE36 /* CategoriesTableViewController.swift */; };
		C6BFB9EC22578FCC006EBE36 /* CategoriesDetailViewController.swift in Sources */ = {isa = PBXBuildFile; fileRef = C6BFB9EB22578FCC006EBE36 /* CategoriesDetailViewController.swift */; };
		C6CA661422450C0900AA37B6 /* ScannerViewController.swift in Sources */ = {isa = PBXBuildFile; fileRef = C6CA661322450C0900AA37B6 /* ScannerViewController.swift */; };
		C6CA66182245106A00AA37B6 /* RecipesDetailViewController.swift in Sources */ = {isa = PBXBuildFile; fileRef = C6CA66172245106A00AA37B6 /* RecipesDetailViewController.swift */; };
		C6CA661B2245161000AA37B6 /* Recipe.swift in Sources */ = {isa = PBXBuildFile; fileRef = C6CA661A2245161000AA37B6 /* Recipe.swift */; };
		C6CA661D2245162900AA37B6 /* Ingredient.swift in Sources */ = {isa = PBXBuildFile; fileRef = C6CA661C2245162900AA37B6 /* Ingredient.swift */; };
		C6CA661F224517F700AA37B6 /* TheMealDBService.swift in Sources */ = {isa = PBXBuildFile; fileRef = C6CA661E224517F700AA37B6 /* TheMealDBService.swift */; };
		C6CA662122451C6400AA37B6 /* IngredientsTableViewController.swift in Sources */ = {isa = PBXBuildFile; fileRef = C6CA662022451C6400AA37B6 /* IngredientsTableViewController.swift */; };
/* End PBXBuildFile section */

/* Begin PBXContainerItemProxy section */
		C68578F6224508FD004217D5 /* PBXContainerItemProxy */ = {
			isa = PBXContainerItemProxy;
			containerPortal = C68578D7224508FC004217D5 /* Project object */;
			proxyType = 1;
			remoteGlobalIDString = C68578DE224508FC004217D5;
			remoteInfo = StudentCoocking;
		};
		C6857901224508FD004217D5 /* PBXContainerItemProxy */ = {
			isa = PBXContainerItemProxy;
			containerPortal = C68578D7224508FC004217D5 /* Project object */;
			proxyType = 1;
			remoteGlobalIDString = C68578DE224508FC004217D5;
			remoteInfo = StudentCoocking;
		};
/* End PBXContainerItemProxy section */

/* Begin PBXFileReference section */
		21CAEC6410DB1ACA07697A10 /* Pods-StudentCoocking.debug.xcconfig */ = {isa = PBXFileReference; includeInIndex = 1; lastKnownFileType = text.xcconfig; name = "Pods-StudentCoocking.debug.xcconfig"; path = "Target Support Files/Pods-StudentCoocking/Pods-StudentCoocking.debug.xcconfig"; sourceTree = "<group>"; };
		31C8F235763CA3B88FC8B8F1 /* Pods-StudentCoockingUITests.release.xcconfig */ = {isa = PBXFileReference; includeInIndex = 1; lastKnownFileType = text.xcconfig; name = "Pods-StudentCoockingUITests.release.xcconfig"; path = "Target Support Files/Pods-StudentCoockingUITests/Pods-StudentCoockingUITests.release.xcconfig"; sourceTree = "<group>"; };
		513AF1AA507C1F1A5AEFF8CF /* Pods_StudentCoockingTests.framework */ = {isa = PBXFileReference; explicitFileType = wrapper.framework; includeInIndex = 0; path = Pods_StudentCoockingTests.framework; sourceTree = BUILT_PRODUCTS_DIR; };
		63447748DF0ED34D5354A62B /* Pods-StudentCoockingTests.debug.xcconfig */ = {isa = PBXFileReference; includeInIndex = 1; lastKnownFileType = text.xcconfig; name = "Pods-StudentCoockingTests.debug.xcconfig"; path = "Target Support Files/Pods-StudentCoockingTests/Pods-StudentCoockingTests.debug.xcconfig"; sourceTree = "<group>"; };
		6514F8E8225CA251002213A8 /* ImageHelper.swift */ = {isa = PBXFileReference; lastKnownFileType = sourcecode.swift; path = ImageHelper.swift; sourceTree = "<group>"; };
		6575FB5F2253716900A0E44A /* RecipesTableViewController.swift */ = {isa = PBXFileReference; lastKnownFileType = sourcecode.swift; path = RecipesTableViewController.swift; sourceTree = "<group>"; };
		65A54E93225B93500063DB88 /* RecipeFilterTableViewController.swift */ = {isa = PBXFileReference; lastKnownFileType = sourcecode.swift; name = RecipeFilterTableViewController.swift; path = "/Users/jjwmenting/GIT/School/MAD/dia-app2-2019-evertjan-jesper/StudentCoocking/StudentCoocking/Controllers/RecipeFilterTableViewController.swift"; sourceTree = "<absolute>"; };
		92832D548AFF775A98FC3D8A /* Pods-StudentCoocking.release.xcconfig */ = {isa = PBXFileReference; includeInIndex = 1; lastKnownFileType = text.xcconfig; name = "Pods-StudentCoocking.release.xcconfig"; path = "Target Support Files/Pods-StudentCoocking/Pods-StudentCoocking.release.xcconfig"; sourceTree = "<group>"; };
		A628B350A9990447C3B00057 /* Pods_StudentCoocking.framework */ = {isa = PBXFileReference; explicitFileType = wrapper.framework; includeInIndex = 0; path = Pods_StudentCoocking.framework; sourceTree = BUILT_PRODUCTS_DIR; };
		B0A45C69281BDC47EB5FEFE2 /* Pods-StudentCoockingTests.release.xcconfig */ = {isa = PBXFileReference; includeInIndex = 1; lastKnownFileType = text.xcconfig; name = "Pods-StudentCoockingTests.release.xcconfig"; path = "Target Support Files/Pods-StudentCoockingTests/Pods-StudentCoockingTests.release.xcconfig"; sourceTree = "<group>"; };
		C6273B3122548C5B0029F300 /* IngredientsDetailViewController.swift */ = {isa = PBXFileReference; lastKnownFileType = sourcecode.swift; path = IngredientsDetailViewController.swift; sourceTree = "<group>"; };
		C6728FE62248E42100260B90 /* Array+Extensions.swift */ = {isa = PBXFileReference; lastKnownFileType = sourcecode.swift; path = "Array+Extensions.swift"; sourceTree = "<group>"; };
		C673491C2256426F00C29FF9 /* SearchTableViewController.swift */ = {isa = PBXFileReference; lastKnownFileType = sourcecode.swift; path = SearchTableViewController.swift; sourceTree = "<group>"; };
		C673491E2256477500C29FF9 /* FavouriteRecipesViewController.swift */ = {isa = PBXFileReference; lastKnownFileType = sourcecode.swift; path = FavouriteRecipesViewController.swift; sourceTree = "<group>"; };
		C68578DF224508FC004217D5 /* StudentCoocking.app */ = {isa = PBXFileReference; explicitFileType = wrapper.application; includeInIndex = 0; path = StudentCoocking.app; sourceTree = BUILT_PRODUCTS_DIR; };
		C68578E2224508FC004217D5 /* AppDelegate.swift */ = {isa = PBXFileReference; lastKnownFileType = sourcecode.swift; path = AppDelegate.swift; sourceTree = "<group>"; };
		C68578E4224508FC004217D5 /* HomeViewController.swift */ = {isa = PBXFileReference; lastKnownFileType = sourcecode.swift; path = HomeViewController.swift; sourceTree = "<group>"; };
		C68578E6224508FC004217D5 /* SettingsViewController.swift */ = {isa = PBXFileReference; lastKnownFileType = sourcecode.swift; path = SettingsViewController.swift; sourceTree = "<group>"; };
		C68578E9224508FC004217D5 /* Base */ = {isa = PBXFileReference; lastKnownFileType = file.storyboard; name = Base; path = Base.lproj/Main.storyboard; sourceTree = "<group>"; };
		C68578EB224508FD004217D5 /* Assets.xcassets */ = {isa = PBXFileReference; lastKnownFileType = folder.assetcatalog; path = Assets.xcassets; sourceTree = "<group>"; };
		C68578EE224508FD004217D5 /* Base */ = {isa = PBXFileReference; lastKnownFileType = file.storyboard; name = Base; path = Base.lproj/LaunchScreen.storyboard; sourceTree = "<group>"; };
		C68578F0224508FD004217D5 /* Info.plist */ = {isa = PBXFileReference; lastKnownFileType = text.plist.xml; path = Info.plist; sourceTree = "<group>"; };
		C68578F5224508FD004217D5 /* StudentCoockingTests.xctest */ = {isa = PBXFileReference; explicitFileType = wrapper.cfbundle; includeInIndex = 0; path = StudentCoockingTests.xctest; sourceTree = BUILT_PRODUCTS_DIR; };
		C68578F9224508FD004217D5 /* StudentCoockingTests.swift */ = {isa = PBXFileReference; lastKnownFileType = sourcecode.swift; path = StudentCoockingTests.swift; sourceTree = "<group>"; };
		C68578FB224508FD004217D5 /* Info.plist */ = {isa = PBXFileReference; lastKnownFileType = text.plist.xml; path = Info.plist; sourceTree = "<group>"; };
		C6857900224508FD004217D5 /* StudentCoockingUITests.xctest */ = {isa = PBXFileReference; explicitFileType = wrapper.cfbundle; includeInIndex = 0; path = StudentCoockingUITests.xctest; sourceTree = BUILT_PRODUCTS_DIR; };
		C6857904224508FD004217D5 /* StudentCoockingUITests.swift */ = {isa = PBXFileReference; lastKnownFileType = sourcecode.swift; path = StudentCoockingUITests.swift; sourceTree = "<group>"; };
		C6857906224508FD004217D5 /* Info.plist */ = {isa = PBXFileReference; lastKnownFileType = text.plist.xml; path = Info.plist; sourceTree = "<group>"; };
		C6BFB9E3225779D9006EBE36 /* Helper.swift */ = {isa = PBXFileReference; lastKnownFileType = sourcecode.swift; path = Helper.swift; sourceTree = "<group>"; };
		C6BFB9E522577BFB006EBE36 /* UIViewController.swift */ = {isa = PBXFileReference; lastKnownFileType = sourcecode.swift; path = UIViewController.swift; sourceTree = "<group>"; };
		C6BFB9E72257867C006EBE36 /* Category.swift */ = {isa = PBXFileReference; lastKnownFileType = sourcecode.swift; path = Category.swift; sourceTree = "<group>"; };
		C6BFB9E922578938006EBE36 /* CategoriesTableViewController.swift */ = {isa = PBXFileReference; lastKnownFileType = sourcecode.swift; path = CategoriesTableViewController.swift; sourceTree = "<group>"; };
		C6BFB9EB22578FCC006EBE36 /* CategoriesDetailViewController.swift */ = {isa = PBXFileReference; lastKnownFileType = sourcecode.swift; path = CategoriesDetailViewController.swift; sourceTree = "<group>"; };
		C6CA661322450C0900AA37B6 /* ScannerViewController.swift */ = {isa = PBXFileReference; lastKnownFileType = sourcecode.swift; path = ScannerViewController.swift; sourceTree = "<group>"; };
		C6CA66172245106A00AA37B6 /* RecipesDetailViewController.swift */ = {isa = PBXFileReference; lastKnownFileType = sourcecode.swift; path = RecipesDetailViewController.swift; sourceTree = "<group>"; };
		C6CA661A2245161000AA37B6 /* Recipe.swift */ = {isa = PBXFileReference; lastKnownFileType = sourcecode.swift; path = Recipe.swift; sourceTree = "<group>"; };
		C6CA661C2245162900AA37B6 /* Ingredient.swift */ = {isa = PBXFileReference; lastKnownFileType = sourcecode.swift; path = Ingredient.swift; sourceTree = "<group>"; };
		C6CA661E224517F700AA37B6 /* TheMealDBService.swift */ = {isa = PBXFileReference; lastKnownFileType = sourcecode.swift; path = TheMealDBService.swift; sourceTree = "<group>"; };
		C6CA662022451C6400AA37B6 /* IngredientsTableViewController.swift */ = {isa = PBXFileReference; lastKnownFileType = sourcecode.swift; path = IngredientsTableViewController.swift; sourceTree = "<group>"; };
		E14CB1EB2899FB56E70BD718 /* Pods_StudentCoockingUITests.framework */ = {isa = PBXFileReference; explicitFileType = wrapper.framework; includeInIndex = 0; path = Pods_StudentCoockingUITests.framework; sourceTree = BUILT_PRODUCTS_DIR; };
		EDC71F42B4FF50A11CE9A182 /* Pods-StudentCoockingUITests.debug.xcconfig */ = {isa = PBXFileReference; includeInIndex = 1; lastKnownFileType = text.xcconfig; name = "Pods-StudentCoockingUITests.debug.xcconfig"; path = "Target Support Files/Pods-StudentCoockingUITests/Pods-StudentCoockingUITests.debug.xcconfig"; sourceTree = "<group>"; };
/* End PBXFileReference section */

/* Begin PBXFrameworksBuildPhase section */
		C68578DC224508FC004217D5 /* Frameworks */ = {
			isa = PBXFrameworksBuildPhase;
			buildActionMask = 2147483647;
			files = (
				96731059105A32A358416BB9 /* Pods_StudentCoocking.framework in Frameworks */,
			);
			runOnlyForDeploymentPostprocessing = 0;
		};
		C68578F2224508FD004217D5 /* Frameworks */ = {
			isa = PBXFrameworksBuildPhase;
			buildActionMask = 2147483647;
			files = (
				B5A88F5BDED43F8F5613CE94 /* Pods_StudentCoockingTests.framework in Frameworks */,
			);
			runOnlyForDeploymentPostprocessing = 0;
		};
		C68578FD224508FD004217D5 /* Frameworks */ = {
			isa = PBXFrameworksBuildPhase;
			buildActionMask = 2147483647;
			files = (
				36DFF8A3A61B026C02A41287 /* Pods_StudentCoockingUITests.framework in Frameworks */,
			);
			runOnlyForDeploymentPostprocessing = 0;
		};
/* End PBXFrameworksBuildPhase section */

/* Begin PBXGroup section */
		B86BF567C9B16E27D4D152AF /* Frameworks */ = {
			isa = PBXGroup;
			children = (
				A628B350A9990447C3B00057 /* Pods_StudentCoocking.framework */,
				513AF1AA507C1F1A5AEFF8CF /* Pods_StudentCoockingTests.framework */,
				E14CB1EB2899FB56E70BD718 /* Pods_StudentCoockingUITests.framework */,
			);
			name = Frameworks;
			sourceTree = "<group>";
		};
		C6728FE52248E40800260B90 /* Extensions */ = {
			isa = PBXGroup;
			children = (
				C6728FE62248E42100260B90 /* Array+Extensions.swift */,
				C6BFB9E522577BFB006EBE36 /* UIViewController.swift */,
			);
			path = Extensions;
			sourceTree = "<group>";
		};
		C68578D6224508FC004217D5 = {
			isa = PBXGroup;
			children = (
				C68578E1224508FC004217D5 /* StudentCoocking */,
				C68578F8224508FD004217D5 /* StudentCoockingTests */,
				C6857903224508FD004217D5 /* StudentCoockingUITests */,
				C68578E0224508FC004217D5 /* Products */,
				F84F7C307DD5940C25958FBC /* Pods */,
				B86BF567C9B16E27D4D152AF /* Frameworks */,
			);
			sourceTree = "<group>";
		};
		C68578E0224508FC004217D5 /* Products */ = {
			isa = PBXGroup;
			children = (
				C68578DF224508FC004217D5 /* StudentCoocking.app */,
				C68578F5224508FD004217D5 /* StudentCoockingTests.xctest */,
				C6857900224508FD004217D5 /* StudentCoockingUITests.xctest */,
			);
			name = Products;
			sourceTree = "<group>";
		};
		C68578E1224508FC004217D5 /* StudentCoocking */ = {
			isa = PBXGroup;
			children = (
				C6BFB9E2225779B1006EBE36 /* Helpers */,
				C6728FE52248E40800260B90 /* Extensions */,
				C6CA6619224515DD00AA37B6 /* Services */,
				C6CA661222450B7100AA37B6 /* Views */,
				C6CA661122450B6500AA37B6 /* Models */,
				C6CA661022450B5500AA37B6 /* Controllers */,
				C68578E2224508FC004217D5 /* AppDelegate.swift */,
				C68578E8224508FC004217D5 /* Main.storyboard */,
				C68578EB224508FD004217D5 /* Assets.xcassets */,
				C68578ED224508FD004217D5 /* LaunchScreen.storyboard */,
				C68578F0224508FD004217D5 /* Info.plist */,
			);
			path = StudentCoocking;
			sourceTree = "<group>";
		};
		C68578F8224508FD004217D5 /* StudentCoockingTests */ = {
			isa = PBXGroup;
			children = (
				C68578F9224508FD004217D5 /* StudentCoockingTests.swift */,
				C68578FB224508FD004217D5 /* Info.plist */,
			);
			path = StudentCoockingTests;
			sourceTree = "<group>";
		};
		C6857903224508FD004217D5 /* StudentCoockingUITests */ = {
			isa = PBXGroup;
			children = (
				C6857904224508FD004217D5 /* StudentCoockingUITests.swift */,
				C6857906224508FD004217D5 /* Info.plist */,
			);
			path = StudentCoockingUITests;
			sourceTree = "<group>";
		};
		C6BFB9E2225779B1006EBE36 /* Helpers */ = {
			isa = PBXGroup;
			children = (
				C6BFB9E3225779D9006EBE36 /* Helper.swift */,
				6514F8E8225CA251002213A8 /* ImageHelper.swift */,
			);
			path = Helpers;
			sourceTree = "<group>";
		};
		C6CA661022450B5500AA37B6 /* Controllers */ = {
			isa = PBXGroup;
			children = (
				65A54E93225B93500063DB88 /* RecipeFilterTableViewController.swift */,
				6575FB5F2253716900A0E44A /* RecipesTableViewController.swift */,
				C68578E4224508FC004217D5 /* HomeViewController.swift */,
				C6CA66172245106A00AA37B6 /* RecipesDetailViewController.swift */,
				C6CA661322450C0900AA37B6 /* ScannerViewController.swift */,
				C68578E6224508FC004217D5 /* SettingsViewController.swift */,
				C6CA662022451C6400AA37B6 /* IngredientsTableViewController.swift */,
				C6273B3122548C5B0029F300 /* IngredientsDetailViewController.swift */,
				C673491C2256426F00C29FF9 /* SearchTableViewController.swift */,
				C673491E2256477500C29FF9 /* FavouriteRecipesViewController.swift */,
				C6BFB9E922578938006EBE36 /* CategoriesTableViewController.swift */,
				C6BFB9EB22578FCC006EBE36 /* CategoriesDetailViewController.swift */,
			);
			path = Controllers;
			sourceTree = "<group>";
		};
		C6CA661122450B6500AA37B6 /* Models */ = {
			isa = PBXGroup;
			children = (
				C6CA661A2245161000AA37B6 /* Recipe.swift */,
				C6CA661C2245162900AA37B6 /* Ingredient.swift */,
				C6BFB9E72257867C006EBE36 /* Category.swift */,
			);
			path = Models;
			sourceTree = "<group>";
		};
		C6CA661222450B7100AA37B6 /* Views */ = {
			isa = PBXGroup;
			children = (
			);
			path = Views;
			sourceTree = "<group>";
		};
		C6CA6619224515DD00AA37B6 /* Services */ = {
			isa = PBXGroup;
			children = (
				C6CA661E224517F700AA37B6 /* TheMealDBService.swift */,
			);
			path = Services;
			sourceTree = "<group>";
		};
		F84F7C307DD5940C25958FBC /* Pods */ = {
			isa = PBXGroup;
			children = (
				21CAEC6410DB1ACA07697A10 /* Pods-StudentCoocking.debug.xcconfig */,
				92832D548AFF775A98FC3D8A /* Pods-StudentCoocking.release.xcconfig */,
				63447748DF0ED34D5354A62B /* Pods-StudentCoockingTests.debug.xcconfig */,
				B0A45C69281BDC47EB5FEFE2 /* Pods-StudentCoockingTests.release.xcconfig */,
				EDC71F42B4FF50A11CE9A182 /* Pods-StudentCoockingUITests.debug.xcconfig */,
				31C8F235763CA3B88FC8B8F1 /* Pods-StudentCoockingUITests.release.xcconfig */,
			);
			path = Pods;
			sourceTree = "<group>";
		};
/* End PBXGroup section */

/* Begin PBXNativeTarget section */
		C68578DE224508FC004217D5 /* StudentCoocking */ = {
			isa = PBXNativeTarget;
			buildConfigurationList = C6857909224508FD004217D5 /* Build configuration list for PBXNativeTarget "StudentCoocking" */;
			buildPhases = (
				0DC680B6BBD132D3275E5D43 /* [CP] Check Pods Manifest.lock */,
				C68578DB224508FC004217D5 /* Sources */,
				C68578DC224508FC004217D5 /* Frameworks */,
				C68578DD224508FC004217D5 /* Resources */,
				A1C88A94D3A3CE76A11CAC1E /* [CP] Embed Pods Frameworks */,
			);
			buildRules = (
			);
			dependencies = (
			);
			name = StudentCoocking;
			productName = StudentCoocking;
			productReference = C68578DF224508FC004217D5 /* StudentCoocking.app */;
			productType = "com.apple.product-type.application";
		};
		C68578F4224508FD004217D5 /* StudentCoockingTests */ = {
			isa = PBXNativeTarget;
			buildConfigurationList = C685790C224508FD004217D5 /* Build configuration list for PBXNativeTarget "StudentCoockingTests" */;
			buildPhases = (
				20397CA926B689D9B06D9CE8 /* [CP] Check Pods Manifest.lock */,
				C68578F1224508FD004217D5 /* Sources */,
				C68578F2224508FD004217D5 /* Frameworks */,
				C68578F3224508FD004217D5 /* Resources */,
			);
			buildRules = (
			);
			dependencies = (
				C68578F7224508FD004217D5 /* PBXTargetDependency */,
			);
			name = StudentCoockingTests;
			productName = StudentCoockingTests;
			productReference = C68578F5224508FD004217D5 /* StudentCoockingTests.xctest */;
			productType = "com.apple.product-type.bundle.unit-test";
		};
		C68578FF224508FD004217D5 /* StudentCoockingUITests */ = {
			isa = PBXNativeTarget;
			buildConfigurationList = C685790F224508FD004217D5 /* Build configuration list for PBXNativeTarget "StudentCoockingUITests" */;
			buildPhases = (
				5F1EA2AFDFA64A72FE49A528 /* [CP] Check Pods Manifest.lock */,
				C68578FC224508FD004217D5 /* Sources */,
				C68578FD224508FD004217D5 /* Frameworks */,
				C68578FE224508FD004217D5 /* Resources */,
			);
			buildRules = (
			);
			dependencies = (
				C6857902224508FD004217D5 /* PBXTargetDependency */,
			);
			name = StudentCoockingUITests;
			productName = StudentCoockingUITests;
			productReference = C6857900224508FD004217D5 /* StudentCoockingUITests.xctest */;
			productType = "com.apple.product-type.bundle.ui-testing";
		};
/* End PBXNativeTarget section */

/* Begin PBXProject section */
		C68578D7224508FC004217D5 /* Project object */ = {
			isa = PBXProject;
			attributes = {
				LastSwiftUpdateCheck = 1010;
				LastUpgradeCheck = 1010;
				ORGANIZATIONNAME = "Evertjan van den Brink";
				TargetAttributes = {
					C68578DE224508FC004217D5 = {
						CreatedOnToolsVersion = 10.1;
					};
					C68578F4224508FD004217D5 = {
						CreatedOnToolsVersion = 10.1;
						TestTargetID = C68578DE224508FC004217D5;
					};
					C68578FF224508FD004217D5 = {
						CreatedOnToolsVersion = 10.1;
						TestTargetID = C68578DE224508FC004217D5;
					};
				};
			};
			buildConfigurationList = C68578DA224508FC004217D5 /* Build configuration list for PBXProject "StudentCoocking" */;
			compatibilityVersion = "Xcode 9.3";
			developmentRegion = en;
			hasScannedForEncodings = 0;
			knownRegions = (
				en,
				Base,
			);
			mainGroup = C68578D6224508FC004217D5;
			productRefGroup = C68578E0224508FC004217D5 /* Products */;
			projectDirPath = "";
			projectRoot = "";
			targets = (
				C68578DE224508FC004217D5 /* StudentCoocking */,
				C68578F4224508FD004217D5 /* StudentCoockingTests */,
				C68578FF224508FD004217D5 /* StudentCoockingUITests */,
			);
		};
/* End PBXProject section */

/* Begin PBXResourcesBuildPhase section */
		C68578DD224508FC004217D5 /* Resources */ = {
			isa = PBXResourcesBuildPhase;
			buildActionMask = 2147483647;
			files = (
				C68578EF224508FD004217D5 /* LaunchScreen.storyboard in Resources */,
				C68578EC224508FD004217D5 /* Assets.xcassets in Resources */,
				C68578EA224508FC004217D5 /* Main.storyboard in Resources */,
			);
			runOnlyForDeploymentPostprocessing = 0;
		};
		C68578F3224508FD004217D5 /* Resources */ = {
			isa = PBXResourcesBuildPhase;
			buildActionMask = 2147483647;
			files = (
			);
			runOnlyForDeploymentPostprocessing = 0;
		};
		C68578FE224508FD004217D5 /* Resources */ = {
			isa = PBXResourcesBuildPhase;
			buildActionMask = 2147483647;
			files = (
			);
			runOnlyForDeploymentPostprocessing = 0;
		};
/* End PBXResourcesBuildPhase section */

/* Begin PBXShellScriptBuildPhase section */
		0DC680B6BBD132D3275E5D43 /* [CP] Check Pods Manifest.lock */ = {
			isa = PBXShellScriptBuildPhase;
			buildActionMask = 2147483647;
			files = (
			);
			inputFileListPaths = (
			);
			inputPaths = (
				"${PODS_PODFILE_DIR_PATH}/Podfile.lock",
				"${PODS_ROOT}/Manifest.lock",
			);
			name = "[CP] Check Pods Manifest.lock";
			outputFileListPaths = (
			);
			outputPaths = (
				"$(DERIVED_FILE_DIR)/Pods-StudentCoocking-checkManifestLockResult.txt",
			);
			runOnlyForDeploymentPostprocessing = 0;
			shellPath = /bin/sh;
			shellScript = "diff \"${PODS_PODFILE_DIR_PATH}/Podfile.lock\" \"${PODS_ROOT}/Manifest.lock\" > /dev/null\nif [ $? != 0 ] ; then\n    # print error to STDERR\n    echo \"error: The sandbox is not in sync with the Podfile.lock. Run 'pod install' or update your CocoaPods installation.\" >&2\n    exit 1\nfi\n# This output is used by Xcode 'outputs' to avoid re-running this script phase.\necho \"SUCCESS\" > \"${SCRIPT_OUTPUT_FILE_0}\"\n";
			showEnvVarsInLog = 0;
		};
		20397CA926B689D9B06D9CE8 /* [CP] Check Pods Manifest.lock */ = {
			isa = PBXShellScriptBuildPhase;
			buildActionMask = 2147483647;
			files = (
			);
			inputFileListPaths = (
			);
			inputPaths = (
				"${PODS_PODFILE_DIR_PATH}/Podfile.lock",
				"${PODS_ROOT}/Manifest.lock",
			);
			name = "[CP] Check Pods Manifest.lock";
			outputFileListPaths = (
			);
			outputPaths = (
				"$(DERIVED_FILE_DIR)/Pods-StudentCoockingTests-checkManifestLockResult.txt",
			);
			runOnlyForDeploymentPostprocessing = 0;
			shellPath = /bin/sh;
			shellScript = "diff \"${PODS_PODFILE_DIR_PATH}/Podfile.lock\" \"${PODS_ROOT}/Manifest.lock\" > /dev/null\nif [ $? != 0 ] ; then\n    # print error to STDERR\n    echo \"error: The sandbox is not in sync with the Podfile.lock. Run 'pod install' or update your CocoaPods installation.\" >&2\n    exit 1\nfi\n# This output is used by Xcode 'outputs' to avoid re-running this script phase.\necho \"SUCCESS\" > \"${SCRIPT_OUTPUT_FILE_0}\"\n";
			showEnvVarsInLog = 0;
		};
		5F1EA2AFDFA64A72FE49A528 /* [CP] Check Pods Manifest.lock */ = {
			isa = PBXShellScriptBuildPhase;
			buildActionMask = 2147483647;
			files = (
			);
			inputFileListPaths = (
			);
			inputPaths = (
				"${PODS_PODFILE_DIR_PATH}/Podfile.lock",
				"${PODS_ROOT}/Manifest.lock",
			);
			name = "[CP] Check Pods Manifest.lock";
			outputFileListPaths = (
			);
			outputPaths = (
				"$(DERIVED_FILE_DIR)/Pods-StudentCoockingUITests-checkManifestLockResult.txt",
			);
			runOnlyForDeploymentPostprocessing = 0;
			shellPath = /bin/sh;
			shellScript = "diff \"${PODS_PODFILE_DIR_PATH}/Podfile.lock\" \"${PODS_ROOT}/Manifest.lock\" > /dev/null\nif [ $? != 0 ] ; then\n    # print error to STDERR\n    echo \"error: The sandbox is not in sync with the Podfile.lock. Run 'pod install' or update your CocoaPods installation.\" >&2\n    exit 1\nfi\n# This output is used by Xcode 'outputs' to avoid re-running this script phase.\necho \"SUCCESS\" > \"${SCRIPT_OUTPUT_FILE_0}\"\n";
			showEnvVarsInLog = 0;
		};
		A1C88A94D3A3CE76A11CAC1E /* [CP] Embed Pods Frameworks */ = {
			isa = PBXShellScriptBuildPhase;
			buildActionMask = 2147483647;
			files = (
			);
			inputFileListPaths = (
			);
			inputPaths = (
				"${PODS_ROOT}/Target Support Files/Pods-StudentCoocking/Pods-StudentCoocking-frameworks.sh",
				"${BUILT_PRODUCTS_DIR}/Alamofire/Alamofire.framework",
				"${BUILT_PRODUCTS_DIR}/AlamofireObjectMapper/AlamofireObjectMapper.framework",
				"${BUILT_PRODUCTS_DIR}/ObjectMapper/ObjectMapper.framework",
				"${BUILT_PRODUCTS_DIR}/SwiftyJSON/SwiftyJSON.framework",
			);
			name = "[CP] Embed Pods Frameworks";
			outputFileListPaths = (
			);
			outputPaths = (
				"${TARGET_BUILD_DIR}/${FRAMEWORKS_FOLDER_PATH}/Alamofire.framework",
				"${TARGET_BUILD_DIR}/${FRAMEWORKS_FOLDER_PATH}/AlamofireObjectMapper.framework",
				"${TARGET_BUILD_DIR}/${FRAMEWORKS_FOLDER_PATH}/ObjectMapper.framework",
				"${TARGET_BUILD_DIR}/${FRAMEWORKS_FOLDER_PATH}/SwiftyJSON.framework",
			);
			runOnlyForDeploymentPostprocessing = 0;
			shellPath = /bin/sh;
			shellScript = "\"${PODS_ROOT}/Target Support Files/Pods-StudentCoocking/Pods-StudentCoocking-frameworks.sh\"\n";
			showEnvVarsInLog = 0;
		};
/* End PBXShellScriptBuildPhase section */

/* Begin PBXSourcesBuildPhase section */
		C68578DB224508FC004217D5 /* Sources */ = {
			isa = PBXSourcesBuildPhase;
			buildActionMask = 2147483647;
			files = (
				6575FB602253716900A0E44A /* RecipesTableViewController.swift in Sources */,
				C68578E7224508FC004217D5 /* SettingsViewController.swift in Sources */,
				C6BFB9E4225779D9006EBE36 /* Helper.swift in Sources */,
				C6CA661B2245161000AA37B6 /* Recipe.swift in Sources */,
				C6CA661F224517F700AA37B6 /* TheMealDBService.swift in Sources */,
				C6BFB9EC22578FCC006EBE36 /* CategoriesDetailViewController.swift in Sources */,
				C6728FE72248E42100260B90 /* Array+Extensions.swift in Sources */,
				C68578E3224508FC004217D5 /* AppDelegate.swift in Sources */,
				C6273B3222548C5B0029F300 /* IngredientsDetailViewController.swift in Sources */,
				65A54E94225B93500063DB88 /* RecipeFilterTableViewController.swift in Sources */,
				C68578E5224508FC004217D5 /* HomeViewController.swift in Sources */,
				C6CA66182245106A00AA37B6 /* RecipesDetailViewController.swift in Sources */,
				C6CA661D2245162900AA37B6 /* Ingredient.swift in Sources */,
				C6BFB9E82257867C006EBE36 /* Category.swift in Sources */,
				C673491F2256477500C29FF9 /* FavouriteRecipesViewController.swift in Sources */,
				C673491D2256426F00C29FF9 /* SearchTableViewController.swift in Sources */,
				C6CA662122451C6400AA37B6 /* IngredientsTableViewController.swift in Sources */,
				C6BFB9EA22578938006EBE36 /* CategoriesTableViewController.swift in Sources */,
				C6BFB9E622577BFB006EBE36 /* UIViewController.swift in Sources */,
				C6CA661422450C0900AA37B6 /* ScannerViewController.swift in Sources */,
				6514F8E9225CA251002213A8 /* ImageHelper.swift in Sources */,
			);
			runOnlyForDeploymentPostprocessing = 0;
		};
		C68578F1224508FD004217D5 /* Sources */ = {
			isa = PBXSourcesBuildPhase;
			buildActionMask = 2147483647;
			files = (
				C68578FA224508FD004217D5 /* StudentCoockingTests.swift in Sources */,
			);
			runOnlyForDeploymentPostprocessing = 0;
		};
		C68578FC224508FD004217D5 /* Sources */ = {
			isa = PBXSourcesBuildPhase;
			buildActionMask = 2147483647;
			files = (
				C6857905224508FD004217D5 /* StudentCoockingUITests.swift in Sources */,
			);
			runOnlyForDeploymentPostprocessing = 0;
		};
/* End PBXSourcesBuildPhase section */

/* Begin PBXTargetDependency section */
		C68578F7224508FD004217D5 /* PBXTargetDependency */ = {
			isa = PBXTargetDependency;
			target = C68578DE224508FC004217D5 /* StudentCoocking */;
			targetProxy = C68578F6224508FD004217D5 /* PBXContainerItemProxy */;
		};
		C6857902224508FD004217D5 /* PBXTargetDependency */ = {
			isa = PBXTargetDependency;
			target = C68578DE224508FC004217D5 /* StudentCoocking */;
			targetProxy = C6857901224508FD004217D5 /* PBXContainerItemProxy */;
		};
/* End PBXTargetDependency section */

/* Begin PBXVariantGroup section */
		C68578E8224508FC004217D5 /* Main.storyboard */ = {
			isa = PBXVariantGroup;
			children = (
				C68578E9224508FC004217D5 /* Base */,
			);
			name = Main.storyboard;
			sourceTree = "<group>";
		};
		C68578ED224508FD004217D5 /* LaunchScreen.storyboard */ = {
			isa = PBXVariantGroup;
			children = (
				C68578EE224508FD004217D5 /* Base */,
			);
			name = LaunchScreen.storyboard;
			sourceTree = "<group>";
		};
/* End PBXVariantGroup section */

/* Begin XCBuildConfiguration section */
		C6857907224508FD004217D5 /* Debug */ = {
			isa = XCBuildConfiguration;
			buildSettings = {
				ALWAYS_SEARCH_USER_PATHS = NO;
				CLANG_ANALYZER_NONNULL = YES;
				CLANG_ANALYZER_NUMBER_OBJECT_CONVERSION = YES_AGGRESSIVE;
				CLANG_CXX_LANGUAGE_STANDARD = "gnu++14";
				CLANG_CXX_LIBRARY = "libc++";
				CLANG_ENABLE_MODULES = YES;
				CLANG_ENABLE_OBJC_ARC = YES;
				CLANG_ENABLE_OBJC_WEAK = YES;
				CLANG_WARN_BLOCK_CAPTURE_AUTORELEASING = YES;
				CLANG_WARN_BOOL_CONVERSION = YES;
				CLANG_WARN_COMMA = YES;
				CLANG_WARN_CONSTANT_CONVERSION = YES;
				CLANG_WARN_DEPRECATED_OBJC_IMPLEMENTATIONS = YES;
				CLANG_WARN_DIRECT_OBJC_ISA_USAGE = YES_ERROR;
				CLANG_WARN_DOCUMENTATION_COMMENTS = YES;
				CLANG_WARN_EMPTY_BODY = YES;
				CLANG_WARN_ENUM_CONVERSION = YES;
				CLANG_WARN_INFINITE_RECURSION = YES;
				CLANG_WARN_INT_CONVERSION = YES;
				CLANG_WARN_NON_LITERAL_NULL_CONVERSION = YES;
				CLANG_WARN_OBJC_IMPLICIT_RETAIN_SELF = YES;
				CLANG_WARN_OBJC_LITERAL_CONVERSION = YES;
				CLANG_WARN_OBJC_ROOT_CLASS = YES_ERROR;
				CLANG_WARN_RANGE_LOOP_ANALYSIS = YES;
				CLANG_WARN_STRICT_PROTOTYPES = YES;
				CLANG_WARN_SUSPICIOUS_MOVE = YES;
				CLANG_WARN_UNGUARDED_AVAILABILITY = YES_AGGRESSIVE;
				CLANG_WARN_UNREACHABLE_CODE = YES;
				CLANG_WARN__DUPLICATE_METHOD_MATCH = YES;
				CODE_SIGN_IDENTITY = "iPhone Developer";
				COPY_PHASE_STRIP = NO;
				DEBUG_INFORMATION_FORMAT = dwarf;
				ENABLE_STRICT_OBJC_MSGSEND = YES;
				ENABLE_TESTABILITY = YES;
				GCC_C_LANGUAGE_STANDARD = gnu11;
				GCC_DYNAMIC_NO_PIC = NO;
				GCC_NO_COMMON_BLOCKS = YES;
				GCC_OPTIMIZATION_LEVEL = 0;
				GCC_PREPROCESSOR_DEFINITIONS = (
					"DEBUG=1",
					"$(inherited)",
				);
				GCC_WARN_64_TO_32_BIT_CONVERSION = YES;
				GCC_WARN_ABOUT_RETURN_TYPE = YES_ERROR;
				GCC_WARN_UNDECLARED_SELECTOR = YES;
				GCC_WARN_UNINITIALIZED_AUTOS = YES_AGGRESSIVE;
				GCC_WARN_UNUSED_FUNCTION = YES;
				GCC_WARN_UNUSED_VARIABLE = YES;
				IPHONEOS_DEPLOYMENT_TARGET = 12.1;
				MTL_ENABLE_DEBUG_INFO = INCLUDE_SOURCE;
				MTL_FAST_MATH = YES;
				ONLY_ACTIVE_ARCH = YES;
				SDKROOT = iphoneos;
				SWIFT_ACTIVE_COMPILATION_CONDITIONS = DEBUG;
				SWIFT_OPTIMIZATION_LEVEL = "-Onone";
			};
			name = Debug;
		};
		C6857908224508FD004217D5 /* Release */ = {
			isa = XCBuildConfiguration;
			buildSettings = {
				ALWAYS_SEARCH_USER_PATHS = NO;
				CLANG_ANALYZER_NONNULL = YES;
				CLANG_ANALYZER_NUMBER_OBJECT_CONVERSION = YES_AGGRESSIVE;
				CLANG_CXX_LANGUAGE_STANDARD = "gnu++14";
				CLANG_CXX_LIBRARY = "libc++";
				CLANG_ENABLE_MODULES = YES;
				CLANG_ENABLE_OBJC_ARC = YES;
				CLANG_ENABLE_OBJC_WEAK = YES;
				CLANG_WARN_BLOCK_CAPTURE_AUTORELEASING = YES;
				CLANG_WARN_BOOL_CONVERSION = YES;
				CLANG_WARN_COMMA = YES;
				CLANG_WARN_CONSTANT_CONVERSION = YES;
				CLANG_WARN_DEPRECATED_OBJC_IMPLEMENTATIONS = YES;
				CLANG_WARN_DIRECT_OBJC_ISA_USAGE = YES_ERROR;
				CLANG_WARN_DOCUMENTATION_COMMENTS = YES;
				CLANG_WARN_EMPTY_BODY = YES;
				CLANG_WARN_ENUM_CONVERSION = YES;
				CLANG_WARN_INFINITE_RECURSION = YES;
				CLANG_WARN_INT_CONVERSION = YES;
				CLANG_WARN_NON_LITERAL_NULL_CONVERSION = YES;
				CLANG_WARN_OBJC_IMPLICIT_RETAIN_SELF = YES;
				CLANG_WARN_OBJC_LITERAL_CONVERSION = YES;
				CLANG_WARN_OBJC_ROOT_CLASS = YES_ERROR;
				CLANG_WARN_RANGE_LOOP_ANALYSIS = YES;
				CLANG_WARN_STRICT_PROTOTYPES = YES;
				CLANG_WARN_SUSPICIOUS_MOVE = YES;
				CLANG_WARN_UNGUARDED_AVAILABILITY = YES_AGGRESSIVE;
				CLANG_WARN_UNREACHABLE_CODE = YES;
				CLANG_WARN__DUPLICATE_METHOD_MATCH = YES;
				CODE_SIGN_IDENTITY = "iPhone Developer";
				COPY_PHASE_STRIP = NO;
				DEBUG_INFORMATION_FORMAT = "dwarf-with-dsym";
				ENABLE_NS_ASSERTIONS = NO;
				ENABLE_STRICT_OBJC_MSGSEND = YES;
				GCC_C_LANGUAGE_STANDARD = gnu11;
				GCC_NO_COMMON_BLOCKS = YES;
				GCC_WARN_64_TO_32_BIT_CONVERSION = YES;
				GCC_WARN_ABOUT_RETURN_TYPE = YES_ERROR;
				GCC_WARN_UNDECLARED_SELECTOR = YES;
				GCC_WARN_UNINITIALIZED_AUTOS = YES_AGGRESSIVE;
				GCC_WARN_UNUSED_FUNCTION = YES;
				GCC_WARN_UNUSED_VARIABLE = YES;
				IPHONEOS_DEPLOYMENT_TARGET = 12.1;
				MTL_ENABLE_DEBUG_INFO = NO;
				MTL_FAST_MATH = YES;
				SDKROOT = iphoneos;
				SWIFT_COMPILATION_MODE = wholemodule;
				SWIFT_OPTIMIZATION_LEVEL = "-O";
				VALIDATE_PRODUCT = YES;
			};
			name = Release;
		};
		C685790A224508FD004217D5 /* Debug */ = {
			isa = XCBuildConfiguration;
			baseConfigurationReference = 21CAEC6410DB1ACA07697A10 /* Pods-StudentCoocking.debug.xcconfig */;
			buildSettings = {
				ASSETCATALOG_COMPILER_APPICON_NAME = AppIcon;
				CODE_SIGN_STYLE = Automatic;
				DEVELOPMENT_TEAM = 6BSBW655NT;
				INFOPLIST_FILE = StudentCoocking/Info.plist;
				LD_RUNPATH_SEARCH_PATHS = (
					"$(inherited)",
					"@executable_path/Frameworks",
				);
				PRODUCT_BUNDLE_IDENTIFIER = mad.dia.StudentCoocking;
				PRODUCT_NAME = "$(TARGET_NAME)";
				SWIFT_VERSION = 4.2;
				TARGETED_DEVICE_FAMILY = "1,2";
			};
			name = Debug;
		};
		C685790B224508FD004217D5 /* Release */ = {
			isa = XCBuildConfiguration;
			baseConfigurationReference = 92832D548AFF775A98FC3D8A /* Pods-StudentCoocking.release.xcconfig */;
			buildSettings = {
				ASSETCATALOG_COMPILER_APPICON_NAME = AppIcon;
				CODE_SIGN_STYLE = Automatic;
				DEVELOPMENT_TEAM = 6BSBW655NT;
				INFOPLIST_FILE = StudentCoocking/Info.plist;
				LD_RUNPATH_SEARCH_PATHS = (
					"$(inherited)",
					"@executable_path/Frameworks",
				);
				PRODUCT_BUNDLE_IDENTIFIER = mad.dia.StudentCoocking;
				PRODUCT_NAME = "$(TARGET_NAME)";
				SWIFT_VERSION = 4.2;
				TARGETED_DEVICE_FAMILY = "1,2";
			};
			name = Release;
		};
		C685790D224508FD004217D5 /* Debug */ = {
			isa = XCBuildConfiguration;
			baseConfigurationReference = 63447748DF0ED34D5354A62B /* Pods-StudentCoockingTests.debug.xcconfig */;
			buildSettings = {
				ALWAYS_EMBED_SWIFT_STANDARD_LIBRARIES = YES;
				BUNDLE_LOADER = "$(TEST_HOST)";
				CODE_SIGN_STYLE = Automatic;
				DEVELOPMENT_TEAM = 6BSBW655NT;
				INFOPLIST_FILE = StudentCoockingTests/Info.plist;
				LD_RUNPATH_SEARCH_PATHS = (
					"$(inherited)",
					"@executable_path/Frameworks",
					"@loader_path/Frameworks",
				);
				PRODUCT_BUNDLE_IDENTIFIER = mad.dia.StudentCoockingTests;
				PRODUCT_NAME = "$(TARGET_NAME)";
				SWIFT_VERSION = 4.2;
				TARGETED_DEVICE_FAMILY = "1,2";
				TEST_HOST = "$(BUILT_PRODUCTS_DIR)/StudentCoocking.app/StudentCoocking";
			};
			name = Debug;
		};
		C685790E224508FD004217D5 /* Release */ = {
			isa = XCBuildConfiguration;
			baseConfigurationReference = B0A45C69281BDC47EB5FEFE2 /* Pods-StudentCoockingTests.release.xcconfig */;
			buildSettings = {
				ALWAYS_EMBED_SWIFT_STANDARD_LIBRARIES = YES;
				BUNDLE_LOADER = "$(TEST_HOST)";
				CODE_SIGN_STYLE = Automatic;
				DEVELOPMENT_TEAM = 6BSBW655NT;
				INFOPLIST_FILE = StudentCoockingTests/Info.plist;
				LD_RUNPATH_SEARCH_PATHS = (
					"$(inherited)",
					"@executable_path/Frameworks",
					"@loader_path/Frameworks",
				);
				PRODUCT_BUNDLE_IDENTIFIER = mad.dia.StudentCoockingTests;
				PRODUCT_NAME = "$(TARGET_NAME)";
				SWIFT_VERSION = 4.2;
				TARGETED_DEVICE_FAMILY = "1,2";
				TEST_HOST = "$(BUILT_PRODUCTS_DIR)/StudentCoocking.app/StudentCoocking";
			};
			name = Release;
		};
		C6857910224508FD004217D5 /* Debug */ = {
			isa = XCBuildConfiguration;
			baseConfigurationReference = EDC71F42B4FF50A11CE9A182 /* Pods-StudentCoockingUITests.debug.xcconfig */;
			buildSettings = {
				ALWAYS_EMBED_SWIFT_STANDARD_LIBRARIES = YES;
				CODE_SIGN_STYLE = Automatic;
				DEVELOPMENT_TEAM = 6BSBW655NT;
				INFOPLIST_FILE = StudentCoockingUITests/Info.plist;
				LD_RUNPATH_SEARCH_PATHS = (
					"$(inherited)",
					"@executable_path/Frameworks",
					"@loader_path/Frameworks",
				);
				PRODUCT_BUNDLE_IDENTIFIER = mad.dia.StudentCoockingUITests;
				PRODUCT_NAME = "$(TARGET_NAME)";
				SWIFT_VERSION = 4.2;
				TARGETED_DEVICE_FAMILY = "1,2";
				TEST_TARGET_NAME = StudentCoocking;
			};
			name = Debug;
		};
		C6857911224508FD004217D5 /* Release */ = {
			isa = XCBuildConfiguration;
			baseConfigurationReference = 31C8F235763CA3B88FC8B8F1 /* Pods-StudentCoockingUITests.release.xcconfig */;
			buildSettings = {
				ALWAYS_EMBED_SWIFT_STANDARD_LIBRARIES = YES;
				CODE_SIGN_STYLE = Automatic;
				DEVELOPMENT_TEAM = 6BSBW655NT;
				INFOPLIST_FILE = StudentCoockingUITests/Info.plist;
				LD_RUNPATH_SEARCH_PATHS = (
					"$(inherited)",
					"@executable_path/Frameworks",
					"@loader_path/Frameworks",
				);
				PRODUCT_BUNDLE_IDENTIFIER = mad.dia.StudentCoockingUITests;
				PRODUCT_NAME = "$(TARGET_NAME)";
				SWIFT_VERSION = 4.2;
				TARGETED_DEVICE_FAMILY = "1,2";
				TEST_TARGET_NAME = StudentCoocking;
			};
			name = Release;
		};
/* End XCBuildConfiguration section */

/* Begin XCConfigurationList section */
		C68578DA224508FC004217D5 /* Build configuration list for PBXProject "StudentCoocking" */ = {
			isa = XCConfigurationList;
			buildConfigurations = (
				C6857907224508FD004217D5 /* Debug */,
				C6857908224508FD004217D5 /* Release */,
			);
			defaultConfigurationIsVisible = 0;
			defaultConfigurationName = Release;
		};
		C6857909224508FD004217D5 /* Build configuration list for PBXNativeTarget "StudentCoocking" */ = {
			isa = XCConfigurationList;
			buildConfigurations = (
				C685790A224508FD004217D5 /* Debug */,
				C685790B224508FD004217D5 /* Release */,
			);
			defaultConfigurationIsVisible = 0;
			defaultConfigurationName = Release;
		};
		C685790C224508FD004217D5 /* Build configuration list for PBXNativeTarget "StudentCoockingTests" */ = {
			isa = XCConfigurationList;
			buildConfigurations = (
				C685790D224508FD004217D5 /* Debug */,
				C685790E224508FD004217D5 /* Release */,
			);
			defaultConfigurationIsVisible = 0;
			defaultConfigurationName = Release;
		};
		C685790F224508FD004217D5 /* Build configuration list for PBXNativeTarget "StudentCoockingUITests" */ = {
			isa = XCConfigurationList;
			buildConfigurations = (
				C6857910224508FD004217D5 /* Debug */,
				C6857911224508FD004217D5 /* Release */,
			);
			defaultConfigurationIsVisible = 0;
			defaultConfigurationName = Release;
		};
/* End XCConfigurationList section */
	};
	rootObject = C68578D7224508FC004217D5 /* Project object */;
}
